
Microsoft Visual Studio Solution File, Format Version 12.00
# Visual Studio Version 17
VisualStudioVersion = 17.2.32516.85
MinimumVisualStudioVersion = 10.0.40219.1
Project("{FAE04EC0-301F-11D3-BF4B-00C04F79EFBC}") = "Lab1GradeManager", "Lab1GradeManager\Lab1GradeManager.csproj", "{CF529EF9-3BBA-41C8-87DE-A7EE1C6CA334}"
EndProject
Global
	GlobalSection(SolutionConfigurationPlatforms) = preSolution
		Debug|Any CPU = Debug|Any CPU
		Release|Any CPU = Release|Any CPU
	EndGlobalSection
	GlobalSection(ProjectConfigurationPlatforms) = postSolution
		{CF529EF9-3BBA-41C8-87DE-A7EE1C6CA334}.Debug|Any CPU.ActiveCfg = Debug|Any CPU
		{CF529EF9-3BBA-41C8-87DE-A7EE1C6CA334}.Debug|Any CPU.Build.0 = Debug|Any CPU
		{CF529EF9-3BBA-41C8-87DE-A7EE1C6CA334}.Release|Any CPU.ActiveCfg = Release|Any CPU
		{CF529EF9-3BBA-41C8-87DE-A7EE1C6CA334}.Release|Any CPU.Build.0 = Release|Any CPU
	EndGlobalSection
	GlobalSection(SolutionProperties) = preSolution
		HideSolutionNode = FALSE
	EndGlobalSection
	GlobalSection(ExtensibilityGlobals) = postSolution
		SolutionGuid = {106B868D-00C1-47ED-9398-FDF54B349F08}
	EndGlobalSection
EndGlobal
